
Microsoft Visual Studio Solution File, Format Version 12.00
# Visual Studio Version 16
VisualStudioVersion = 16.0.30114.105
MinimumVisualStudioVersion = 10.0.40219.1
Project("{FAE04EC0-301F-11D3-BF4B-00C04F79EFBC}") = "musingo-browse-service", "musingo-browse-service\musingo-browse-service.csproj", "{9C57366C-FAD8-4A59-A838-C38416C3B735}"
EndProject
Project("{FAE04EC0-301F-11D3-BF4B-00C04F79EFBC}") = "musingo-browse-tests", "musingo-browse-tests\musingo-browse-tests.csproj", "{373CFECE-288F-4DD5-AF76-403734C308BF}"
EndProject
Global
	GlobalSection(SolutionConfigurationPlatforms) = preSolution
		Debug|Any CPU = Debug|Any CPU
		Release|Any CPU = Release|Any CPU
	EndGlobalSection
	GlobalSection(SolutionProperties) = preSolution
		HideSolutionNode = FALSE
	EndGlobalSection
	GlobalSection(ProjectConfigurationPlatforms) = postSolution
		{9C57366C-FAD8-4A59-A838-C38416C3B735}.Debug|Any CPU.ActiveCfg = Debug|Any CPU
		{9C57366C-FAD8-4A59-A838-C38416C3B735}.Debug|Any CPU.Build.0 = Debug|Any CPU
		{9C57366C-FAD8-4A59-A838-C38416C3B735}.Release|Any CPU.ActiveCfg = Release|Any CPU
		{9C57366C-FAD8-4A59-A838-C38416C3B735}.Release|Any CPU.Build.0 = Release|Any CPU
		{373CFECE-288F-4DD5-AF76-403734C308BF}.Debug|Any CPU.ActiveCfg = Debug|Any CPU
		{373CFECE-288F-4DD5-AF76-403734C308BF}.Debug|Any CPU.Build.0 = Debug|Any CPU
		{373CFECE-288F-4DD5-AF76-403734C308BF}.Release|Any CPU.ActiveCfg = Release|Any CPU
		{373CFECE-288F-4DD5-AF76-403734C308BF}.Release|Any CPU.Build.0 = Release|Any CPU
	EndGlobalSection
EndGlobal
